github.com/DDRBoxman/go-amazon-product-api v0.0.0-20190129165221-1c2c2bc70f3b h1:A5oZxqrcjFbgE0czlNxxuxOJDWJlR63tSRv/o1VNijk=
github.com/DDRBoxman/go-amazon-product-api v0.0.0-20190129165221-1c2c2bc70f3b/go.mod h1:FVhq7ryLTPAWr/3kTLQbc9eOHT+akByxfb8sTb4e8bg=
github.com/spiegel-im-spiegel/errs v0.1.0 h1:ApPd5JMUh8ycLy+ajCdaIKk+mi4bZH+n2UDRNGKzqh8=
github.com/spiegel-im-spiegel/errs v0.1.0/go.mod h1:1sdokz9v67uzQ8eAMVZsA5Wm3iaRhy4VUWCB0o3xkcs=
golang.org/x/xerrors v0.0.0-20190717185122-a985d3407aa7 h1:9zdDQZ7Thm29KFXgAX/+yaf3eVbP7djjWp/dXAppNCc=
golang.org/x/xerrors v0.0.0-20190717185122-a985d3407aa7/go.mod h1:I/5z698sn9Ka8TeJc9MKroUUfqBBauWjQqLJ2OPfmY0=
